# This file is generated by running "yarn install" inside your project.
# Manual changes might be lost - proceed with caution!

__metadata:
  version: 8
  cacheKey: 10c0

"@esbuild/aix-ppc64@npm:0.24.2":
  version: 0.24.2
  resolution: "@esbuild/aix-ppc64@npm:0.24.2"
  conditions: os=aix & cpu=ppc64
  languageName: node
  linkType: hard

"@esbuild/android-arm64@npm:0.24.2":
  version: 0.24.2
  resolution: "@esbuild/android-arm64@npm:0.24.2"
  conditions: os=android & cpu=arm64
  languageName: node
  linkType: hard

"@esbuild/android-arm@npm:0.24.2":
  version: 0.24.2
  resolution: "@esbuild/android-arm@npm:0.24.2"
  conditions: os=android & cpu=arm
  languageName: node
  linkType: hard

"@esbuild/android-x64@npm:0.24.2":
  version: 0.24.2
  resolution: "@esbuild/android-x64@npm:0.24.2"
  conditions: os=android & cpu=x64
  languageName: node
  linkType: hard

"@esbuild/darwin-arm64@npm:0.24.2":
  version: 0.24.2
  resolution: "@esbuild/darwin-arm64@npm:0.24.2"
  conditions: os=darwin & cpu=arm64
  languageName: node
  linkType: hard

"@esbuild/darwin-x64@npm:0.24.2":
  version: 0.24.2
  resolution: "@esbuild/darwin-x64@npm:0.24.2"
  conditions: os=darwin & cpu=x64
  languageName: node
  linkType: hard

"@esbuild/freebsd-arm64@npm:0.24.2":
  version: 0.24.2
  resolution: "@esbuild/freebsd-arm64@npm:0.24.2"
  conditions: os=freebsd & cpu=arm64
  languageName: node
  linkType: hard

"@esbuild/freebsd-x64@npm:0.24.2":
  version: 0.24.2
  resolution: "@esbuild/freebsd-x64@npm:0.24.2"
  conditions: os=freebsd & cpu=x64
  languageName: node
  linkType: hard

"@esbuild/linux-arm64@npm:0.24.2":
  version: 0.24.2
  resolution: "@esbuild/linux-arm64@npm:0.24.2"
  conditions: os=linux & cpu=arm64
  languageName: node
  linkType: hard

"@esbuild/linux-arm@npm:0.24.2":
  version: 0.24.2
  resolution: "@esbuild/linux-arm@npm:0.24.2"
  conditions: os=linux & cpu=arm
  languageName: node
  linkType: hard

"@esbuild/linux-ia32@npm:0.24.2":
  version: 0.24.2
  resolution: "@esbuild/linux-ia32@npm:0.24.2"
  conditions: os=linux & cpu=ia32
  languageName: node
  linkType: hard

"@esbuild/linux-loong64@npm:0.24.2":
  version: 0.24.2
  resolution: "@esbuild/linux-loong64@npm:0.24.2"
  conditions: os=linux & cpu=loong64
  languageName: node
  linkType: hard

"@esbuild/linux-mips64el@npm:0.24.2":
  version: 0.24.2
  resolution: "@esbuild/linux-mips64el@npm:0.24.2"
  conditions: os=linux & cpu=mips64el
  languageName: node
  linkType: hard

"@esbuild/linux-ppc64@npm:0.24.2":
  version: 0.24.2
  resolution: "@esbuild/linux-ppc64@npm:0.24.2"
  conditions: os=linux & cpu=ppc64
  languageName: node
  linkType: hard

"@esbuild/linux-riscv64@npm:0.24.2":
  version: 0.24.2
  resolution: "@esbuild/linux-riscv64@npm:0.24.2"
  conditions: os=linux & cpu=riscv64
  languageName: node
  linkType: hard

"@esbuild/linux-s390x@npm:0.24.2":
  version: 0.24.2
  resolution: "@esbuild/linux-s390x@npm:0.24.2"
  conditions: os=linux & cpu=s390x
  languageName: node
  linkType: hard

"@esbuild/linux-x64@npm:0.24.2":
  version: 0.24.2
  resolution: "@esbuild/linux-x64@npm:0.24.2"
  conditions: os=linux & cpu=x64
  languageName: node
  linkType: hard

"@esbuild/netbsd-arm64@npm:0.24.2":
  version: 0.24.2
  resolution: "@esbuild/netbsd-arm64@npm:0.24.2"
  conditions: os=netbsd & cpu=arm64
  languageName: node
  linkType: hard

"@esbuild/netbsd-x64@npm:0.24.2":
  version: 0.24.2
  resolution: "@esbuild/netbsd-x64@npm:0.24.2"
  conditions: os=netbsd & cpu=x64
  languageName: node
  linkType: hard

"@esbuild/openbsd-arm64@npm:0.24.2":
  version: 0.24.2
  resolution: "@esbuild/openbsd-arm64@npm:0.24.2"
  conditions: os=openbsd & cpu=arm64
  languageName: node
  linkType: hard

"@esbuild/openbsd-x64@npm:0.24.2":
  version: 0.24.2
  resolution: "@esbuild/openbsd-x64@npm:0.24.2"
  conditions: os=openbsd & cpu=x64
  languageName: node
  linkType: hard

"@esbuild/sunos-x64@npm:0.24.2":
  version: 0.24.2
  resolution: "@esbuild/sunos-x64@npm:0.24.2"
  conditions: os=sunos & cpu=x64
  languageName: node
  linkType: hard

"@esbuild/win32-arm64@npm:0.24.2":
  version: 0.24.2
  resolution: "@esbuild/win32-arm64@npm:0.24.2"
  conditions: os=win32 & cpu=arm64
  languageName: node
  linkType: hard

"@esbuild/win32-ia32@npm:0.24.2":
  version: 0.24.2
  resolution: "@esbuild/win32-ia32@npm:0.24.2"
  conditions: os=win32 & cpu=ia32
  languageName: node
  linkType: hard

"@esbuild/win32-x64@npm:0.24.2":
  version: 0.24.2
  resolution: "@esbuild/win32-x64@npm:0.24.2"
  conditions: os=win32 & cpu=x64
  languageName: node
  linkType: hard

"@hotwired/stimulus@npm:^3.2.2":
  version: 3.2.2
  resolution: "@hotwired/stimulus@npm:3.2.2"
  checksum: 10c0/3793919e353d28424f57d07e6b634bf6e8821c227acfa2a608aaa8bdfe7e80479acef12705168ca866f3c231399f4a939fb0cd089aaae04c406b3d885a3b35ea
  languageName: node
  linkType: hard

"@hotwired/turbo-rails@npm:^8.0.12":
  version: 8.0.20
  resolution: "@hotwired/turbo-rails@npm:8.0.20"
  dependencies:
    "@hotwired/turbo": "npm:^8.0.20"
    "@rails/actioncable": "npm:>=7.0"
  checksum: 10c0/b443c03ad9d4fdec660f0a52e20cec72c5747a2765a92b089f23aff1e0796b05cc7245d91a569135922fc6737da499e620b7d3935eeeccf4e0fa5160e508ecea
  languageName: node
  linkType: hard

"@hotwired/turbo@npm:^8.0.20":
  version: 8.0.20
  resolution: "@hotwired/turbo@npm:8.0.20"
  checksum: 10c0/bff9a871d2131e4006e3f085fea93906d89bc19cfb6b57f10d8ebe0ff1637632f2f5f69bb0e7a6221b315df1ff2fdf4a833bffdfde03b846b7eba4580cf78d87
  languageName: node
  linkType: hard

"@rails/actioncable@npm:>=7.0":
  version: 8.1.100
  resolution: "@rails/actioncable@npm:8.1.100"
  checksum: 10c0/a9c1f1b62bf3d73408997036f92b9264b33fc6211f7fcfb79d8e2421dc277f80182df835a9525f1f77ed2043da8ea2af345fb428fa0f3fe7b52da12c9600b35d
  languageName: node
  linkType: hard

"@stripe/stripe-js@npm:^4.0.0":
  version: 4.10.0
  resolution: "@stripe/stripe-js@npm:4.10.0"
  checksum: 10c0/d437c367b753b53158fe9070885424821787f627d74a1f3b526feb51614be3e26d042b8dc6827ee59e8288a94e08dd852f6011106ea28d082066b1de89aa4ba1
  languageName: node
  linkType: hard

"esbuild@npm:^0.24.0":
  version: 0.24.2
  resolution: "esbuild@npm:0.24.2"
  dependencies:
    "@esbuild/aix-ppc64": "npm:0.24.2"
    "@esbuild/android-arm": "npm:0.24.2"
    "@esbuild/android-arm64": "npm:0.24.2"
    "@esbuild/android-x64": "npm:0.24.2"
    "@esbuild/darwin-arm64": "npm:0.24.2"
    "@esbuild/darwin-x64": "npm:0.24.2"
    "@esbuild/freebsd-arm64": "npm:0.24.2"
    "@esbuild/freebsd-x64": "npm:0.24.2"
    "@esbuild/linux-arm": "npm:0.24.2"
    "@esbuild/linux-arm64": "npm:0.24.2"
    "@esbuild/linux-ia32": "npm:0.24.2"
    "@esbuild/linux-loong64": "npm:0.24.2"
    "@esbuild/linux-mips64el": "npm:0.24.2"
    "@esbuild/linux-ppc64": "npm:0.24.2"
    "@esbuild/linux-riscv64": "npm:0.24.2"
    "@esbuild/linux-s390x": "npm:0.24.2"
    "@esbuild/linux-x64": "npm:0.24.2"
    "@esbuild/netbsd-arm64": "npm:0.24.2"
    "@esbuild/netbsd-x64": "npm:0.24.2"
    "@esbuild/openbsd-arm64": "npm:0.24.2"
    "@esbuild/openbsd-x64": "npm:0.24.2"
    "@esbuild/sunos-x64": "npm:0.24.2"
    "@esbuild/win32-arm64": "npm:0.24.2"
    "@esbuild/win32-ia32": "npm:0.24.2"
    "@esbuild/win32-x64": "npm:0.24.2"
  dependenciesMeta:
    "@esbuild/aix-ppc64":
      optional: true
    "@esbuild/android-arm":
      optional: true
    "@esbuild/android-arm64":
      optional: true
    "@esbuild/android-x64":
      optional: true
    "@esbuild/darwin-arm64":
      optional: true
    "@esbuild/darwin-x64":
      optional: true
    "@esbuild/freebsd-arm64":
      optional: true
    "@esbuild/freebsd-x64":
      optional: true
    "@esbuild/linux-arm":
      optional: true
    "@esbuild/linux-arm64":
      optional: true
    "@esbuild/linux-ia32":
      optional: true
    "@esbuild/linux-loong64":
      optional: true
    "@esbuild/linux-mips64el":
      optional: true
    "@esbuild/linux-ppc64":
      optional: true
    "@esbuild/linux-riscv64":
      optional: true
    "@esbuild/linux-s390x":
      optional: true
    "@esbuild/linux-x64":
      optional: true
    "@esbuild/netbsd-arm64":
      optional: true
    "@esbuild/netbsd-x64":
      optional: true
    "@esbuild/openbsd-arm64":
      optional: true
    "@esbuild/openbsd-x64":
      optional: true
    "@esbuild/sunos-x64":
      optional: true
    "@esbuild/win32-arm64":
      optional: true
    "@esbuild/win32-ia32":
      optional: true
    "@esbuild/win32-x64":
      optional: true
  bin:
    esbuild: bin/esbuild
  checksum: 10c0/5a25bb08b6ba23db6e66851828d848bd3ff87c005a48c02d83e38879058929878a6baa5a414e1141faee0d1dece3f32b5fbc2a87b82ed6a7aa857cf40359aeb5
  languageName: node
  linkType: hard

"shrimp_shells_ec@workspace:.":
  version: 0.0.0-use.local
  resolution: "shrimp_shells_ec@workspace:."
  dependencies:
    "@hotwired/stimulus": "npm:^3.2.2"
    "@hotwired/turbo-rails": "npm:^8.0.12"
    "@stripe/stripe-js": "npm:^4.0.0"
    esbuild: "npm:^0.24.0"
  languageName: unknown
  linkType: soft
